
Microsoft Visual Studio Solution File, Format Version 12.00
# Visual Studio Version 17
VisualStudioVersion = 17.5.002.0
MinimumVisualStudioVersion = 10.0.40219.1
Project("{9A19103F-16F7-4668-BE54-9A1E7A4F7556}") = "api", "api.csproj", "{514D2D4A-1EFF-41AD-AB18-A652F82B8C93}"
EndProject
Global
	GlobalSection(SolutionConfigurationPlatforms) = preSolution
		Debug|Any CPU = Debug|Any CPU
		Release|Any CPU = Release|Any CPU
	EndGlobalSection
	GlobalSection(ProjectConfigurationPlatforms) = postSolution
		{514D2D4A-1EFF-41AD-AB18-A652F82B8C93}.Debug|Any CPU.ActiveCfg = Debug|Any CPU
		{514D2D4A-1EFF-41AD-AB18-A652F82B8C93}.Debug|Any CPU.Build.0 = Debug|Any CPU
		{514D2D4A-1EFF-41AD-AB18-A652F82B8C93}.Release|Any CPU.ActiveCfg = Release|Any CPU
		{514D2D4A-1EFF-41AD-AB18-A652F82B8C93}.Release|Any CPU.Build.0 = Release|Any CPU
	EndGlobalSection
	GlobalSection(SolutionProperties) = preSolution
		HideSolutionNode = FALSE
	EndGlobalSection
	GlobalSection(ExtensibilityGlobals) = postSolution
		SolutionGuid = {305B642F-68AA-419C-8CEE-C572B1490A7E}
	EndGlobalSection
EndGlobal
